
Microsoft Visual Studio Solution File, Format Version 12.00
# Visual Studio Version 16
VisualStudioVersion = 16.0.30907.101
MinimumVisualStudioVersion = 10.0.40219.1
Project("{FAE04EC0-301F-11D3-BF4B-00C04F79EFBC}") = "BackupProjects", "BackupProjects\BackupProjects.csproj", "{F1712A2E-E9A3-44B5-A719-FD44A47C176A}"
EndProject
Project("{54435603-DBB4-11D2-8724-00A0C9A8B90C}") = "setup", "setup\setup.vdproj", "{6E9796D9-185F-48F7-9C98-6B854C54D235}"
EndProject
Global
	GlobalSection(SolutionConfigurationPlatforms) = preSolution
		Debug|Any CPU = Debug|Any CPU
		Release|Any CPU = Release|Any CPU
	EndGlobalSection
	GlobalSection(ProjectConfigurationPlatforms) = postSolution
		{F1712A2E-E9A3-44B5-A719-FD44A47C176A}.Debug|Any CPU.ActiveCfg = Debug|Any CPU
		{F1712A2E-E9A3-44B5-A719-FD44A47C176A}.Debug|Any CPU.Build.0 = Debug|Any CPU
		{F1712A2E-E9A3-44B5-A719-FD44A47C176A}.Release|Any CPU.ActiveCfg = Release|Any CPU
		{F1712A2E-E9A3-44B5-A719-FD44A47C176A}.Release|Any CPU.Build.0 = Release|Any CPU
		{6E9796D9-185F-48F7-9C98-6B854C54D235}.Debug|Any CPU.ActiveCfg = Debug
		{6E9796D9-185F-48F7-9C98-6B854C54D235}.Release|Any CPU.ActiveCfg = Release
	EndGlobalSection
	GlobalSection(SolutionProperties) = preSolution
		HideSolutionNode = FALSE
	EndGlobalSection
	GlobalSection(ExtensibilityGlobals) = postSolution
		SolutionGuid = {4981ACB4-EC4F-47AF-9246-776FC5D38520}
	EndGlobalSection
EndGlobal
